
Microsoft Visual Studio Solution File, Format Version 12.00
# Visual Studio 15
VisualStudioVersion = 15.0.26124.0
MinimumVisualStudioVersion = 15.0.26124.0
Project("{FAE04EC0-301F-11D3-BF4B-00C04F79EFBC}") = "MP.MKKing.API", "MP.MKKing.API\MP.MKKing.API.csproj", "{306BF5AD-1E1B-419F-B576-50A53EE2F917}"
EndProject
Project("{FAE04EC0-301F-11D3-BF4B-00C04F79EFBC}") = "MP.MKKing.Core", "MP.MKKing.Core\MP.MKKing.Core.csproj", "{FF11AF8E-4BB0-40C0-AB0E-E2068BE065F2}"
EndProject
Project("{FAE04EC0-301F-11D3-BF4B-00C04F79EFBC}") = "MP.MKKing.Infra", "MP.MKKing.Infra\MP.MKKing.Infra.csproj", "{0492174B-D436-4EF1-B7A3-D56A6EC8E93F}"
EndProject
Global
	GlobalSection(SolutionConfigurationPlatforms) = preSolution
		Debug|Any CPU = Debug|Any CPU
		Debug|x64 = Debug|x64
		Debug|x86 = Debug|x86
		Release|Any CPU = Release|Any CPU
		Release|x64 = Release|x64
		Release|x86 = Release|x86
	EndGlobalSection
	GlobalSection(SolutionProperties) = preSolution
		HideSolutionNode = FALSE
	EndGlobalSection
	GlobalSection(ProjectConfigurationPlatforms) = postSolution
		{306BF5AD-1E1B-419F-B576-50A53EE2F917}.Debug|Any CPU.ActiveCfg = Debug|Any CPU
		{306BF5AD-1E1B-419F-B576-50A53EE2F917}.Debug|Any CPU.Build.0 = Debug|Any CPU
		{306BF5AD-1E1B-419F-B576-50A53EE2F917}.Debug|x64.ActiveCfg = Debug|Any CPU
		{306BF5AD-1E1B-419F-B576-50A53EE2F917}.Debug|x64.Build.0 = Debug|Any CPU
		{306BF5AD-1E1B-419F-B576-50A53EE2F917}.Debug|x86.ActiveCfg = Debug|Any CPU
		{306BF5AD-1E1B-419F-B576-50A53EE2F917}.Debug|x86.Build.0 = Debug|Any CPU
		{306BF5AD-1E1B-419F-B576-50A53EE2F917}.Release|Any CPU.ActiveCfg = Release|Any CPU
		{306BF5AD-1E1B-419F-B576-50A53EE2F917}.Release|Any CPU.Build.0 = Release|Any CPU
		{306BF5AD-1E1B-419F-B576-50A53EE2F917}.Release|x64.ActiveCfg = Release|Any CPU
		{306BF5AD-1E1B-419F-B576-50A53EE2F917}.Release|x64.Build.0 = Release|Any CPU
		{306BF5AD-1E1B-419F-B576-50A53EE2F917}.Release|x86.ActiveCfg = Release|Any CPU
		{306BF5AD-1E1B-419F-B576-50A53EE2F917}.Release|x86.Build.0 = Release|Any CPU
		{FF11AF8E-4BB0-40C0-AB0E-E2068BE065F2}.Debug|Any CPU.ActiveCfg = Debug|Any CPU
		{FF11AF8E-4BB0-40C0-AB0E-E2068BE065F2}.Debug|Any CPU.Build.0 = Debug|Any CPU
		{FF11AF8E-4BB0-40C0-AB0E-E2068BE065F2}.Debug|x64.ActiveCfg = Debug|Any CPU
		{FF11AF8E-4BB0-40C0-AB0E-E2068BE065F2}.Debug|x64.Build.0 = Debug|Any CPU
		{FF11AF8E-4BB0-40C0-AB0E-E2068BE065F2}.Debug|x86.ActiveCfg = Debug|Any CPU
		{FF11AF8E-4BB0-40C0-AB0E-E2068BE065F2}.Debug|x86.Build.0 = Debug|Any CPU
		{FF11AF8E-4BB0-40C0-AB0E-E2068BE065F2}.Release|Any CPU.ActiveCfg = Release|Any CPU
		{FF11AF8E-4BB0-40C0-AB0E-E2068BE065F2}.Release|Any CPU.Build.0 = Release|Any CPU
		{FF11AF8E-4BB0-40C0-AB0E-E2068BE065F2}.Release|x64.ActiveCfg = Release|Any CPU
		{FF11AF8E-4BB0-40C0-AB0E-E2068BE065F2}.Release|x64.Build.0 = Release|Any CPU
		{FF11AF8E-4BB0-40C0-AB0E-E2068BE065F2}.Release|x86.ActiveCfg = Release|Any CPU
		{FF11AF8E-4BB0-40C0-AB0E-E2068BE065F2}.Release|x86.Build.0 = Release|Any CPU
		{0492174B-D436-4EF1-B7A3-D56A6EC8E93F}.Debug|Any CPU.ActiveCfg = Debug|Any CPU
		{0492174B-D436-4EF1-B7A3-D56A6EC8E93F}.Debug|Any CPU.Build.0 = Debug|Any CPU
		{0492174B-D436-4EF1-B7A3-D56A6EC8E93F}.Debug|x64.ActiveCfg = Debug|Any CPU
		{0492174B-D436-4EF1-B7A3-D56A6EC8E93F}.Debug|x64.Build.0 = Debug|Any CPU
		{0492174B-D436-4EF1-B7A3-D56A6EC8E93F}.Debug|x86.ActiveCfg = Debug|Any CPU
		{0492174B-D436-4EF1-B7A3-D56A6EC8E93F}.Debug|x86.Build.0 = Debug|Any CPU
		{0492174B-D436-4EF1-B7A3-D56A6EC8E93F}.Release|Any CPU.ActiveCfg = Release|Any CPU
		{0492174B-D436-4EF1-B7A3-D56A6EC8E93F}.Release|Any CPU.Build.0 = Release|Any CPU
		{0492174B-D436-4EF1-B7A3-D56A6EC8E93F}.Release|x64.ActiveCfg = Release|Any CPU
		{0492174B-D436-4EF1-B7A3-D56A6EC8E93F}.Release|x64.Build.0 = Release|Any CPU
		{0492174B-D436-4EF1-B7A3-D56A6EC8E93F}.Release|x86.ActiveCfg = Release|Any CPU
		{0492174B-D436-4EF1-B7A3-D56A6EC8E93F}.Release|x86.Build.0 = Release|Any CPU
	EndGlobalSection
EndGlobal
